
Microsoft Visual Studio Solution File, Format Version 12.00
# Visual Studio Version 17
VisualStudioVersion = 17.4.33205.214
MinimumVisualStudioVersion = 10.0.40219.1
Project("{FAE04EC0-301F-11D3-BF4B-00C04F79EFBC}") = "Voxel Text Editor", "Voxel Text Editor\Voxel Text Editor.csproj", "{7C902236-5925-4CF2-AF85-716B88DC7451}"
EndProject
Global
	GlobalSection(SolutionConfigurationPlatforms) = preSolution
		Debug|Any CPU = Debug|Any CPU
		Release|Any CPU = Release|Any CPU
	EndGlobalSection
	GlobalSection(ProjectConfigurationPlatforms) = postSolution
		{7C902236-5925-4CF2-AF85-716B88DC7451}.Debug|Any CPU.ActiveCfg = Debug|Any CPU
		{7C902236-5925-4CF2-AF85-716B88DC7451}.Debug|Any CPU.Build.0 = Debug|Any CPU
		{7C902236-5925-4CF2-AF85-716B88DC7451}.Release|Any CPU.ActiveCfg = Release|Any CPU
		{7C902236-5925-4CF2-AF85-716B88DC7451}.Release|Any CPU.Build.0 = Release|Any CPU
	EndGlobalSection
	GlobalSection(SolutionProperties) = preSolution
		HideSolutionNode = FALSE
	EndGlobalSection
	GlobalSection(ExtensibilityGlobals) = postSolution
		SolutionGuid = {74237C1E-EA49-4580-A3A0-E853AFADA8F1}
	EndGlobalSection
EndGlobal
